
Microsoft Visual Studio Solution File, Format Version 12.00
# Visual Studio Version 17
VisualStudioVersion = 17.5.002.0
MinimumVisualStudioVersion = 10.0.40219.1
Project("{9A19103F-16F7-4668-BE54-9A1E7A4F7556}") = "task01", "task01\task01.csproj", "{F8CC2D98-75DC-4778-87FB-FC87924F1020}"
EndProject
Project("{9A19103F-16F7-4668-BE54-9A1E7A4F7556}") = "task02", "task02\task02.csproj", "{0254B255-3E11-4987-850D-3F31D5E0AE2B}"
EndProject
Project("{9A19103F-16F7-4668-BE54-9A1E7A4F7556}") = "task03", "task03\task03.csproj", "{FD8BA8D8-9DF5-4C5A-AAD5-EE28710A8D4C}"
EndProject
Global
	GlobalSection(SolutionConfigurationPlatforms) = preSolution
		Debug|Any CPU = Debug|Any CPU
		Release|Any CPU = Release|Any CPU
	EndGlobalSection
	GlobalSection(ProjectConfigurationPlatforms) = postSolution
		{F8CC2D98-75DC-4778-87FB-FC87924F1020}.Debug|Any CPU.ActiveCfg = Debug|Any CPU
		{F8CC2D98-75DC-4778-87FB-FC87924F1020}.Debug|Any CPU.Build.0 = Debug|Any CPU
		{F8CC2D98-75DC-4778-87FB-FC87924F1020}.Release|Any CPU.ActiveCfg = Release|Any CPU
		{F8CC2D98-75DC-4778-87FB-FC87924F1020}.Release|Any CPU.Build.0 = Release|Any CPU
		{0254B255-3E11-4987-850D-3F31D5E0AE2B}.Debug|Any CPU.ActiveCfg = Debug|Any CPU
		{0254B255-3E11-4987-850D-3F31D5E0AE2B}.Debug|Any CPU.Build.0 = Debug|Any CPU
		{0254B255-3E11-4987-850D-3F31D5E0AE2B}.Release|Any CPU.ActiveCfg = Release|Any CPU
		{0254B255-3E11-4987-850D-3F31D5E0AE2B}.Release|Any CPU.Build.0 = Release|Any CPU
		{FD8BA8D8-9DF5-4C5A-AAD5-EE28710A8D4C}.Debug|Any CPU.ActiveCfg = Debug|Any CPU
		{FD8BA8D8-9DF5-4C5A-AAD5-EE28710A8D4C}.Debug|Any CPU.Build.0 = Debug|Any CPU
		{FD8BA8D8-9DF5-4C5A-AAD5-EE28710A8D4C}.Release|Any CPU.ActiveCfg = Release|Any CPU
		{FD8BA8D8-9DF5-4C5A-AAD5-EE28710A8D4C}.Release|Any CPU.Build.0 = Release|Any CPU
	EndGlobalSection
	GlobalSection(SolutionProperties) = preSolution
		HideSolutionNode = FALSE
	EndGlobalSection
	GlobalSection(ExtensibilityGlobals) = postSolution
		SolutionGuid = {D154B83F-354C-4B44-B3FF-7ED0583F5584}
	EndGlobalSection
EndGlobal
